
Microsoft Visual Studio Solution File, Format Version 12.00
# Visual Studio Version 17
VisualStudioVersion = 17.4.33213.308
MinimumVisualStudioVersion = 10.0.40219.1
Project("{FAE04EC0-301F-11D3-BF4B-00C04F79EFBC}") = "MathQuiz", "MathQuiz\MathQuiz.csproj", "{70E69CEE-FB4C-4980-A51F-20A550A7DBBF}"
EndProject
Global
	GlobalSection(SolutionConfigurationPlatforms) = preSolution
		Debug|Any CPU = Debug|Any CPU
		Release|Any CPU = Release|Any CPU
	EndGlobalSection
	GlobalSection(ProjectConfigurationPlatforms) = postSolution
		{70E69CEE-FB4C-4980-A51F-20A550A7DBBF}.Debug|Any CPU.ActiveCfg = Debug|Any CPU
		{70E69CEE-FB4C-4980-A51F-20A550A7DBBF}.Debug|Any CPU.Build.0 = Debug|Any CPU
		{70E69CEE-FB4C-4980-A51F-20A550A7DBBF}.Release|Any CPU.ActiveCfg = Release|Any CPU
		{70E69CEE-FB4C-4980-A51F-20A550A7DBBF}.Release|Any CPU.Build.0 = Release|Any CPU
	EndGlobalSection
	GlobalSection(SolutionProperties) = preSolution
		HideSolutionNode = FALSE
	EndGlobalSection
	GlobalSection(ExtensibilityGlobals) = postSolution
		SolutionGuid = {A94741B0-0416-4E9B-B056-4A430B87CFF1}
	EndGlobalSection
EndGlobal
